
Microsoft Visual Studio Solution File, Format Version 12.00
# Visual Studio Version 17
VisualStudioVersion = 17.0.32112.339
MinimumVisualStudioVersion = 10.0.40219.1
Project("{FAE04EC0-301F-11D3-BF4B-00C04F79EFBC}") = "CoreApp", "CoreApp\CoreApp.csproj", "{B3DABB28-BBF3-453A-B388-5E0293088F46}"
EndProject
Global
	GlobalSection(SolutionConfigurationPlatforms) = preSolution
		Debug|Any CPU = Debug|Any CPU
		Release|Any CPU = Release|Any CPU
	EndGlobalSection
	GlobalSection(ProjectConfigurationPlatforms) = postSolution
		{B3DABB28-BBF3-453A-B388-5E0293088F46}.Debug|Any CPU.ActiveCfg = Debug|Any CPU
		{B3DABB28-BBF3-453A-B388-5E0293088F46}.Debug|Any CPU.Build.0 = Debug|Any CPU
		{B3DABB28-BBF3-453A-B388-5E0293088F46}.Release|Any CPU.ActiveCfg = Release|Any CPU
		{B3DABB28-BBF3-453A-B388-5E0293088F46}.Release|Any CPU.Build.0 = Release|Any CPU
	EndGlobalSection
	GlobalSection(SolutionProperties) = preSolution
		HideSolutionNode = FALSE
	EndGlobalSection
	GlobalSection(ExtensibilityGlobals) = postSolution
		SolutionGuid = {24D0BF95-6167-4662-B72F-E29F3010BF87}
	EndGlobalSection
EndGlobal
